
Microsoft Visual Studio Solution File, Format Version 12.00
# Visual Studio Version 17
VisualStudioVersion = 17.5.33414.496
MinimumVisualStudioVersion = 10.0.40219.1
Project("{FAE04EC0-301F-11D3-BF4B-00C04F79EFBC}") = "FinalPoject", "FinalPoject.csproj", "{324E6B66-5106-4DAC-85F6-9D953005C257}"
EndProject
Global
	GlobalSection(SolutionConfigurationPlatforms) = preSolution
		Debug|Any CPU = Debug|Any CPU
		Release|Any CPU = Release|Any CPU
	EndGlobalSection
	GlobalSection(ProjectConfigurationPlatforms) = postSolution
		{324E6B66-5106-4DAC-85F6-9D953005C257}.Debug|Any CPU.ActiveCfg = Debug|Any CPU
		{324E6B66-5106-4DAC-85F6-9D953005C257}.Debug|Any CPU.Build.0 = Debug|Any CPU
		{324E6B66-5106-4DAC-85F6-9D953005C257}.Release|Any CPU.ActiveCfg = Release|Any CPU
		{324E6B66-5106-4DAC-85F6-9D953005C257}.Release|Any CPU.Build.0 = Release|Any CPU
	EndGlobalSection
	GlobalSection(SolutionProperties) = preSolution
		HideSolutionNode = FALSE
	EndGlobalSection
	GlobalSection(ExtensibilityGlobals) = postSolution
		SolutionGuid = {DD467E84-17FE-4AFE-A8AE-4CFC8B47B0F2}
	EndGlobalSection
EndGlobal
